
Microsoft Visual Studio Solution File, Format Version 12.00
# Visual Studio Version 17
VisualStudioVersion = 17.7.34024.191
MinimumVisualStudioVersion = 10.0.40219.1
Project("{2150E333-8FDC-42A3-9474-1A3956D46DE8}") = "Microservices", "Microservices", "{06DF954E-B570-472B-A8EB-554100C0C2BC}"
EndProject
Project("{9A19103F-16F7-4668-BE54-9A1E7A4F7556}") = "Order", "Order\Order.csproj", "{BEF27A19-C4C3-4D72-8207-E56CE8776272}"
EndProject
Project("{9A19103F-16F7-4668-BE54-9A1E7A4F7556}") = "Dashboard", "Dashboard\Dashboard.csproj", "{5566B1AA-CF6E-4B53-9480-A419DDBBF4C8}"
EndProject
Project("{2150E333-8FDC-42A3-9474-1A3956D46DE8}") = "ApiGateway", "ApiGateway", "{CBB56AC5-BDE4-49F1-BE63-500484FA3AA0}"
EndProject
Project("{9A19103F-16F7-4668-BE54-9A1E7A4F7556}") = "ApiGateway", "ApiGateway\ApiGateway.csproj", "{7B6822B9-E119-4425-A93D-391402FC6DA7}"
EndProject
Project("{E53339B2-1760-4266-BCC7-CA923CBCF16C}") = "docker-compose", "docker-compose.dcproj", "{63F57571-04C6-4205-89A9-3F2EE9690362}"
EndProject
Global
	GlobalSection(SolutionConfigurationPlatforms) = preSolution
		Debug|Any CPU = Debug|Any CPU
		Release|Any CPU = Release|Any CPU
	EndGlobalSection
	GlobalSection(ProjectConfigurationPlatforms) = postSolution
		{BEF27A19-C4C3-4D72-8207-E56CE8776272}.Debug|Any CPU.ActiveCfg = Debug|Any CPU
		{BEF27A19-C4C3-4D72-8207-E56CE8776272}.Debug|Any CPU.Build.0 = Debug|Any CPU
		{BEF27A19-C4C3-4D72-8207-E56CE8776272}.Release|Any CPU.ActiveCfg = Release|Any CPU
		{BEF27A19-C4C3-4D72-8207-E56CE8776272}.Release|Any CPU.Build.0 = Release|Any CPU
		{5566B1AA-CF6E-4B53-9480-A419DDBBF4C8}.Debug|Any CPU.ActiveCfg = Debug|Any CPU
		{5566B1AA-CF6E-4B53-9480-A419DDBBF4C8}.Debug|Any CPU.Build.0 = Debug|Any CPU
		{5566B1AA-CF6E-4B53-9480-A419DDBBF4C8}.Release|Any CPU.ActiveCfg = Release|Any CPU
		{5566B1AA-CF6E-4B53-9480-A419DDBBF4C8}.Release|Any CPU.Build.0 = Release|Any CPU
		{7B6822B9-E119-4425-A93D-391402FC6DA7}.Debug|Any CPU.ActiveCfg = Debug|Any CPU
		{7B6822B9-E119-4425-A93D-391402FC6DA7}.Debug|Any CPU.Build.0 = Debug|Any CPU
		{7B6822B9-E119-4425-A93D-391402FC6DA7}.Release|Any CPU.ActiveCfg = Release|Any CPU
		{7B6822B9-E119-4425-A93D-391402FC6DA7}.Release|Any CPU.Build.0 = Release|Any CPU
		{63F57571-04C6-4205-89A9-3F2EE9690362}.Debug|Any CPU.ActiveCfg = Debug|Any CPU
		{63F57571-04C6-4205-89A9-3F2EE9690362}.Debug|Any CPU.Build.0 = Debug|Any CPU
		{63F57571-04C6-4205-89A9-3F2EE9690362}.Release|Any CPU.ActiveCfg = Release|Any CPU
		{63F57571-04C6-4205-89A9-3F2EE9690362}.Release|Any CPU.Build.0 = Release|Any CPU
	EndGlobalSection
	GlobalSection(SolutionProperties) = preSolution
		HideSolutionNode = FALSE
	EndGlobalSection
	GlobalSection(NestedProjects) = preSolution
		{BEF27A19-C4C3-4D72-8207-E56CE8776272} = {06DF954E-B570-472B-A8EB-554100C0C2BC}
		{5566B1AA-CF6E-4B53-9480-A419DDBBF4C8} = {06DF954E-B570-472B-A8EB-554100C0C2BC}
		{7B6822B9-E119-4425-A93D-391402FC6DA7} = {CBB56AC5-BDE4-49F1-BE63-500484FA3AA0}
	EndGlobalSection
	GlobalSection(ExtensibilityGlobals) = postSolution
		SolutionGuid = {8890C404-2515-4E6C-80B5-3C88FEE472F3}
	EndGlobalSection
EndGlobal
